// !$*UTF8*$!
{
	archiveVersion = 1;
	classes = {
	};
	objectVersion = 46;
	objects = {

/* Begin PBXBuildFile section */
		3723525217FC7EED000BF4EC /* Images.xcassets in Resources */ = {isa = PBXBuildFile; fileRef = 3723525117FC7EED000BF4EC /* Images.xcassets */; };
		373946F41799879E0050483A /* UIColor+CTRExtensions.m in Sources */ = {isa = PBXBuildFile; fileRef = 373946F31799879E0050483A /* UIColor+CTRExtensions.m */; };
		374635081C24940000880DBF /* DMGameView.m in Sources */ = {isa = PBXBuildFile; fileRef = 374635071C24940000880DBF /* DMGameView.m */; };
		374B330C1C290F4E00CF9132 /* DMBlackLostState.m in Sources */ = {isa = PBXBuildFile; fileRef = 374B33021C290F4E00CF9132 /* DMBlackLostState.m */; };
		374B330E1C290F4E00CF9132 /* DMBlackTurnState.m in Sources */ = {isa = PBXBuildFile; fileRef = 374B33041C290F4E00CF9132 /* DMBlackTurnState.m */; };
		374B330F1C290F4E00CF9132 /* DMNewGameState.m in Sources */ = {isa = PBXBuildFile; fileRef = 374B33051C290F4E00CF9132 /* DMNewGameState.m */; };
		374B33101C290F4E00CF9132 /* DMSettingsState.m in Sources */ = {isa = PBXBuildFile; fileRef = 374B33061C290F4E00CF9132 /* DMSettingsState.m */; };
		374B33121C290F4E00CF9132 /* DMWhiteLostState.m in Sources */ = {isa = PBXBuildFile; fileRef = 374B33081C290F4E00CF9132 /* DMWhiteLostState.m */; };
		374B33131C290F4E00CF9132 /* DMPausedState.m in Sources */ = {isa = PBXBuildFile; fileRef = 374B33091C290F4E00CF9132 /* DMPausedState.m */; };
		374B33141C290F4E00CF9132 /* DMWhiteTurnState.m in Sources */ = {isa = PBXBuildFile; fileRef = 374B330A1C290F4E00CF9132 /* DMWhiteTurnState.m */; };
		377004681C35698300BF3F66 /* DMTurnState.m in Sources */ = {isa = PBXBuildFile; fileRef = 377004671C35698300BF3F66 /* DMTurnState.m */; };
		3770046B1C3569AD00BF3F66 /* DMLostState.m in Sources */ = {isa = PBXBuildFile; fileRef = 3770046A1C3569AD00BF3F66 /* DMLostState.m */; };
		377077241C2C7EBE0061768A /* DMConfirmResetState.m in Sources */ = {isa = PBXBuildFile; fileRef = 377077231C2C7EBE0061768A /* DMConfirmResetState.m */; };
		37758AEF14F9A79F00CD7A11 /* UIKit.framework in Frameworks */ = {isa = PBXBuildFile; fileRef = 37758AEE14F9A79F00CD7A11 /* UIKit.framework */; };
		37758AF114F9A79F00CD7A11 /* Foundation.framework in Frameworks */ = {isa = PBXBuildFile; fileRef = 37758AF014F9A79F00CD7A11 /* Foundation.framework */; };
		37758AF314F9A79F00CD7A11 /* CoreGraphics.framework in Frameworks */ = {isa = PBXBuildFile; fileRef = 37758AF214F9A79F00CD7A11 /* CoreGraphics.framework */; };
		37758AF914F9A79F00CD7A11 /* InfoPlist.strings in Resources */ = {isa = PBXBuildFile; fileRef = 37758AF714F9A79F00CD7A11 /* InfoPlist.strings */; };
		37758AFB14F9A79F00CD7A11 /* main.m in Sources */ = {isa = PBXBuildFile; fileRef = 37758AFA14F9A79F00CD7A11 /* main.m */; };
		37758AFF14F9A79F00CD7A11 /* DMAppDelegate.m in Sources */ = {isa = PBXBuildFile; fileRef = 37758AFE14F9A79F00CD7A11 /* DMAppDelegate.m */; };
		37758B0214F9A79F00CD7A11 /* MainStoryboard.storyboard in Resources */ = {isa = PBXBuildFile; fileRef = 37758B0014F9A79F00CD7A11 /* MainStoryboard.storyboard */; };
		37758B0814F9A79F00CD7A11 /* GameViewController.m in Sources */ = {isa = PBXBuildFile; fileRef = 37758B0714F9A79F00CD7A11 /* GameViewController.m */; };
		3790086815334FFE00B61AE8 /* DMSettingsViewController.m in Sources */ = {isa = PBXBuildFile; fileRef = 3790086715334FFE00B61AE8 /* DMSettingsViewController.m */; };
		37A21AB11C27606E0019A7A2 /* DMState.m in Sources */ = {isa = PBXBuildFile; fileRef = 37A21AB01C27606E0019A7A2 /* DMState.m */; };
		37AC72031512985B00194BD1 /* DMClock.m in Sources */ = {isa = PBXBuildFile; fileRef = 37AC72021512985B00194BD1 /* DMClock.m */; };
		37AF871F16498D74006E245D /* DMGame.m in Sources */ = {isa = PBXBuildFile; fileRef = 37AF871E16498D74006E245D /* DMGame.m */; };
		37C3E1BB179F2C0B00C557BC /* AudioToolbox.framework in Frameworks */ = {isa = PBXBuildFile; fileRef = 37C3E1BA179F2C0B00C557BC /* AudioToolbox.framework */; };
		37FFF8A61C27B6BE009CF3D6 /* DMStates.h in Sources */ = {isa = PBXBuildFile; fileRef = 37FFF8A51C27B6BE009CF3D6 /* DMStates.h */; };
		37FFF8A81C27B855009CF3D6 /* DMLoadingState.m in Sources */ = {isa = PBXBuildFile; fileRef = 37FFF8A71C27B855009CF3D6 /* DMLoadingState.m */; };
/* End PBXBuildFile section */

/* Begin PBXFileReference section */
		3723525117FC7EED000BF4EC /* Images.xcassets */ = {isa = PBXFileReference; lastKnownFileType = folder.assetcatalog; path = Images.xcassets; sourceTree = "<group>"; };
		373946F21799879E0050483A /* UIColor+CTRExtensions.h */ = {isa = PBXFileReference; fileEncoding = 4; lastKnownFileType = sourcecode.c.h; lineEnding = 0; path = "UIColor+CTRExtensions.h"; sourceTree = "<group>"; xcLanguageSpecificationIdentifier = xcode.lang.objcpp; };
		373946F31799879E0050483A /* UIColor+CTRExtensions.m */ = {isa = PBXFileReference; fileEncoding = 4; lastKnownFileType = sourcecode.c.objc; lineEnding = 0; path = "UIColor+CTRExtensions.m"; sourceTree = "<group>"; xcLanguageSpecificationIdentifier = xcode.lang.objc; };
		374635061C24940000880DBF /* DMGameView.h */ = {isa = PBXFileReference; fileEncoding = 4; lastKnownFileType = sourcecode.c.h; path = DMGameView.h; sourceTree = "<group>"; };
		374635071C24940000880DBF /* DMGameView.m */ = {isa = PBXFileReference; fileEncoding = 4; lastKnownFileType = sourcecode.c.objc; path = DMGameView.m; sourceTree = "<group>"; };
		374B33021C290F4E00CF9132 /* DMBlackLostState.m */ = {isa = PBXFileReference; fileEncoding = 4; lastKnownFileType = sourcecode.c.objc; name = DMBlackLostState.m; path = States/DMBlackLostState.m; sourceTree = "<group>"; };
		374B33041C290F4E00CF9132 /* DMBlackTurnState.m */ = {isa = PBXFileReference; fileEncoding = 4; lastKnownFileType = sourcecode.c.objc; name = DMBlackTurnState.m; path = States/DMBlackTurnState.m; sourceTree = "<group>"; };
		374B33051C290F4E00CF9132 /* DMNewGameState.m */ = {isa = PBXFileReference; fileEncoding = 4; lastKnownFileType = sourcecode.c.objc; name = DMNewGameState.m; path = States/DMNewGameState.m; sourceTree = "<group>"; };
		374B33061C290F4E00CF9132 /* DMSettingsState.m */ = {isa = PBXFileReference; fileEncoding = 4; lastKnownFileType = sourcecode.c.objc; name = DMSettingsState.m; path = States/DMSettingsState.m; sourceTree = "<group>"; };
		374B33081C290F4E00CF9132 /* DMWhiteLostState.m */ = {isa = PBXFileReference; fileEncoding = 4; lastKnownFileType = sourcecode.c.objc; name = DMWhiteLostState.m; path = States/DMWhiteLostState.m; sourceTree = "<group>"; };
		374B33091C290F4E00CF9132 /* DMPausedState.m */ = {isa = PBXFileReference; fileEncoding = 4; lastKnownFileType = sourcecode.c.objc; name = DMPausedState.m; path = States/DMPausedState.m; sourceTree = "<group>"; };
		374B330A1C290F4E00CF9132 /* DMWhiteTurnState.m */ = {isa = PBXFileReference; fileEncoding = 4; lastKnownFileType = sourcecode.c.objc; name = DMWhiteTurnState.m; path = States/DMWhiteTurnState.m; sourceTree = "<group>"; };
		377004671C35698300BF3F66 /* DMTurnState.m */ = {isa = PBXFileReference; fileEncoding = 4; lastKnownFileType = sourcecode.c.objc; name = DMTurnState.m; path = States/DMTurnState.m; sourceTree = "<group>"; };
		3770046A1C3569AD00BF3F66 /* DMLostState.m */ = {isa = PBXFileReference; fileEncoding = 4; lastKnownFileType = sourcecode.c.objc; name = DMLostState.m; path = States/DMLostState.m; sourceTree = "<group>"; };
		377077231C2C7EBE0061768A /* DMConfirmResetState.m */ = {isa = PBXFileReference; fileEncoding = 4; lastKnownFileType = sourcecode.c.objc; name = DMConfirmResetState.m; path = States/DMConfirmResetState.m; sourceTree = "<group>"; };
		37758AEA14F9A79F00CD7A11 /* chessclock.app */ = {isa = PBXFileReference; explicitFileType = wrapper.application; includeInIndex = 0; path = chessclock.app; sourceTree = BUILT_PRODUCTS_DIR; };
		37758AEE14F9A79F00CD7A11 /* UIKit.framework */ = {isa = PBXFileReference; lastKnownFileType = wrapper.framework; name = UIKit.framework; path = System/Library/Frameworks/UIKit.framework; sourceTree = SDKROOT; };
		37758AF014F9A79F00CD7A11 /* Foundation.framework */ = {isa = PBXFileReference; lastKnownFileType = wrapper.framework; name = Foundation.framework; path = System/Library/Frameworks/Foundation.framework; sourceTree = SDKROOT; };
		37758AF214F9A79F00CD7A11 /* CoreGraphics.framework */ = {isa = PBXFileReference; lastKnownFileType = wrapper.framework; name = CoreGraphics.framework; path = System/Library/Frameworks/CoreGraphics.framework; sourceTree = SDKROOT; };
		37758AF614F9A79F00CD7A11 /* chessclock-Info.plist */ = {isa = PBXFileReference; lastKnownFileType = text.plist.xml; path = "chessclock-Info.plist"; sourceTree = "<group>"; };
		37758AF814F9A79F00CD7A11 /* en */ = {isa = PBXFileReference; lastKnownFileType = text.plist.strings; name = en; path = en.lproj/InfoPlist.strings; sourceTree = "<group>"; };
		37758AFA14F9A79F00CD7A11 /* main.m */ = {isa = PBXFileReference; lastKnownFileType = sourcecode.c.objc; lineEnding = 0; path = main.m; sourceTree = "<group>"; xcLanguageSpecificationIdentifier = xcode.lang.objc; };
		37758AFC14F9A79F00CD7A11 /* chessclock-Prefix.pch */ = {isa = PBXFileReference; lastKnownFileType = sourcecode.c.h; lineEnding = 0; path = "chessclock-Prefix.pch"; sourceTree = "<group>"; xcLanguageSpecificationIdentifier = xcode.lang.objc; };
		37758AFD14F9A79F00CD7A11 /* DMAppDelegate.h */ = {isa = PBXFileReference; lastKnownFileType = sourcecode.c.h; lineEnding = 0; path = DMAppDelegate.h; sourceTree = "<group>"; xcLanguageSpecificationIdentifier = xcode.lang.objcpp; };
		37758AFE14F9A79F00CD7A11 /* DMAppDelegate.m */ = {isa = PBXFileReference; lastKnownFileType = sourcecode.c.objc; lineEnding = 0; path = DMAppDelegate.m; sourceTree = "<group>"; xcLanguageSpecificationIdentifier = xcode.lang.objc; };
		37758B0114F9A79F00CD7A11 /* en */ = {isa = PBXFileReference; lastKnownFileType = file.storyboard; name = en; path = en.lproj/MainStoryboard.storyboard; sourceTree = "<group>"; };
		37758B0614F9A79F00CD7A11 /* GameViewController.h */ = {isa = PBXFileReference; lastKnownFileType = sourcecode.c.h; lineEnding = 0; path = GameViewController.h; sourceTree = "<group>"; xcLanguageSpecificationIdentifier = xcode.lang.objcpp; };
		37758B0714F9A79F00CD7A11 /* GameViewController.m */ = {isa = PBXFileReference; lastKnownFileType = sourcecode.c.objc; lineEnding = 0; path = GameViewController.m; sourceTree = "<group>"; xcLanguageSpecificationIdentifier = xcode.lang.objc; };
		37758B0F14F9A79F00CD7A11 /* SenTestingKit.framework */ = {isa = PBXFileReference; lastKnownFileType = wrapper.framework; name = SenTestingKit.framework; path = Library/Frameworks/SenTestingKit.framework; sourceTree = DEVELOPER_DIR; };
		3790086615334FFE00B61AE8 /* DMSettingsViewController.h */ = {isa = PBXFileReference; fileEncoding = 4; lastKnownFileType = sourcecode.c.h; lineEnding = 0; path = DMSettingsViewController.h; sourceTree = "<group>"; xcLanguageSpecificationIdentifier = xcode.lang.objcpp; };
		3790086715334FFE00B61AE8 /* DMSettingsViewController.m */ = {isa = PBXFileReference; fileEncoding = 4; lastKnownFileType = sourcecode.c.objc; lineEnding = 0; path = DMSettingsViewController.m; sourceTree = "<group>"; xcLanguageSpecificationIdentifier = xcode.lang.objc; };
		37A21AAF1C27606E0019A7A2 /* DMState.h */ = {isa = PBXFileReference; fileEncoding = 4; lastKnownFileType = sourcecode.c.h; name = DMState.h; path = States/DMState.h; sourceTree = "<group>"; };
		37A21AB01C27606E0019A7A2 /* DMState.m */ = {isa = PBXFileReference; fileEncoding = 4; lastKnownFileType = sourcecode.c.objc; name = DMState.m; path = States/DMState.m; sourceTree = "<group>"; };
		37AC72011512985B00194BD1 /* DMClock.h */ = {isa = PBXFileReference; fileEncoding = 4; lastKnownFileType = sourcecode.c.h; lineEnding = 0; path = DMClock.h; sourceTree = "<group>"; xcLanguageSpecificationIdentifier = xcode.lang.objcpp; };
		37AC72021512985B00194BD1 /* DMClock.m */ = {isa = PBXFileReference; fileEncoding = 4; lastKnownFileType = sourcecode.c.objc; lineEnding = 0; path = DMClock.m; sourceTree = "<group>"; xcLanguageSpecificationIdentifier = xcode.lang.objc; };
		37AF871D16498D74006E245D /* DMGame.h */ = {isa = PBXFileReference; fileEncoding = 4; lastKnownFileType = sourcecode.c.h; lineEnding = 0; path = DMGame.h; sourceTree = "<group>"; xcLanguageSpecificationIdentifier = xcode.lang.objcpp; };
		37AF871E16498D74006E245D /* DMGame.m */ = {isa = PBXFileReference; fileEncoding = 4; lastKnownFileType = sourcecode.c.objc; lineEnding = 0; path = DMGame.m; sourceTree = "<group>"; xcLanguageSpecificationIdentifier = xcode.lang.objc; };
		37C3E1BA179F2C0B00C557BC /* AudioToolbox.framework */ = {isa = PBXFileReference; lastKnownFileType = wrapper.framework; name = AudioToolbox.framework; path = System/Library/Frameworks/AudioToolbox.framework; sourceTree = SDKROOT; };
		37FFF8A51C27B6BE009CF3D6 /* DMStates.h */ = {isa = PBXFileReference; fileEncoding = 4; lastKnownFileType = sourcecode.c.h; name = DMStates.h; path = States/DMStates.h; sourceTree = "<group>"; };
		37FFF8A71C27B855009CF3D6 /* DMLoadingState.m */ = {isa = PBXFileReference; fileEncoding = 4; lastKnownFileType = sourcecode.c.objc; name = DMLoadingState.m; path = States/DMLoadingState.m; sourceTree = "<group>"; };
/* End PBXFileReference section */

/* Begin PBXFrameworksBuildPhase section */
		37758AE714F9A79F00CD7A11 /* Frameworks */ = {
			isa = PBXFrameworksBuildPhase;
			buildActionMask = 2147483647;
			files = (
				37C3E1BB179F2C0B00C557BC /* AudioToolbox.framework in Frameworks */,
				37758AEF14F9A79F00CD7A11 /* UIKit.framework in Frameworks */,
				37758AF114F9A79F00CD7A11 /* Foundation.framework in Frameworks */,
				37758AF314F9A79F00CD7A11 /* CoreGraphics.framework in Frameworks */,
			);
			runOnlyForDeploymentPostprocessing = 0;
		};
/* End PBXFrameworksBuildPhase section */

/* Begin PBXGroup section */
		37758ADF14F9A79F00CD7A11 = {
			isa = PBXGroup;
			children = (
				37758AF414F9A79F00CD7A11 /* chessclock */,
				37758AED14F9A79F00CD7A11 /* Frameworks */,
				37758AEB14F9A79F00CD7A11 /* Products */,
			);
			sourceTree = "<group>";
		};
		37758AEB14F9A79F00CD7A11 /* Products */ = {
			isa = PBXGroup;
			children = (
				37758AEA14F9A79F00CD7A11 /* chessclock.app */,
			);
			name = Products;
			sourceTree = "<group>";
		};
		37758AED14F9A79F00CD7A11 /* Frameworks */ = {
			isa = PBXGroup;
			children = (
				37C3E1BA179F2C0B00C557BC /* AudioToolbox.framework */,
				37758AEE14F9A79F00CD7A11 /* UIKit.framework */,
				37758AF014F9A79F00CD7A11 /* Foundation.framework */,
				37758AF214F9A79F00CD7A11 /* CoreGraphics.framework */,
				37758B0F14F9A79F00CD7A11 /* SenTestingKit.framework */,
			);
			name = Frameworks;
			sourceTree = "<group>";
		};
		37758AF414F9A79F00CD7A11 /* chessclock */ = {
			isa = PBXGroup;
			children = (
				37758AFD14F9A79F00CD7A11 /* DMAppDelegate.h */,
				37758AFE14F9A79F00CD7A11 /* DMAppDelegate.m */,
				37A21AAE1C275EEE0019A7A2 /* States */,
				37758B0014F9A79F00CD7A11 /* MainStoryboard.storyboard */,
				37758B0614F9A79F00CD7A11 /* GameViewController.h */,
				37758B0714F9A79F00CD7A11 /* GameViewController.m */,
				373946F21799879E0050483A /* UIColor+CTRExtensions.h */,
				373946F31799879E0050483A /* UIColor+CTRExtensions.m */,
				3790086615334FFE00B61AE8 /* DMSettingsViewController.h */,
				3790086715334FFE00B61AE8 /* DMSettingsViewController.m */,
				374635061C24940000880DBF /* DMGameView.h */,
				374635071C24940000880DBF /* DMGameView.m */,
				37AF871D16498D74006E245D /* DMGame.h */,
				37AF871E16498D74006E245D /* DMGame.m */,
				37AC72011512985B00194BD1 /* DMClock.h */,
				37AC72021512985B00194BD1 /* DMClock.m */,
				3723525117FC7EED000BF4EC /* Images.xcassets */,
				37758AF514F9A79F00CD7A11 /* Supporting Files */,
			);
			path = chessclock;
			sourceTree = "<group>";
		};
		37758AF514F9A79F00CD7A11 /* Supporting Files */ = {
			isa = PBXGroup;
			children = (
				37758AF614F9A79F00CD7A11 /* chessclock-Info.plist */,
				37758AF714F9A79F00CD7A11 /* InfoPlist.strings */,
				37758AFA14F9A79F00CD7A11 /* main.m */,
				37758AFC14F9A79F00CD7A11 /* chessclock-Prefix.pch */,
			);
			name = "Supporting Files";
			sourceTree = "<group>";
		};
		37A21AAE1C275EEE0019A7A2 /* States */ = {
			isa = PBXGroup;
			children = (
				37FFF8A51C27B6BE009CF3D6 /* DMStates.h */,
				37A21AAF1C27606E0019A7A2 /* DMState.h */,
				37A21AB01C27606E0019A7A2 /* DMState.m */,
				37FFF8A71C27B855009CF3D6 /* DMLoadingState.m */,
				374B33051C290F4E00CF9132 /* DMNewGameState.m */,
				374B33061C290F4E00CF9132 /* DMSettingsState.m */,
				374B33091C290F4E00CF9132 /* DMPausedState.m */,
				377077231C2C7EBE0061768A /* DMConfirmResetState.m */,
				377004671C35698300BF3F66 /* DMTurnState.m */,
				374B330A1C290F4E00CF9132 /* DMWhiteTurnState.m */,
				374B33041C290F4E00CF9132 /* DMBlackTurnState.m */,
				3770046A1C3569AD00BF3F66 /* DMLostState.m */,
				374B33081C290F4E00CF9132 /* DMWhiteLostState.m */,
				374B33021C290F4E00CF9132 /* DMBlackLostState.m */,
			);
			name = States;
			sourceTree = "<group>";
		};
/* End PBXGroup section */

/* Begin PBXNativeTarget section */
		37758AE914F9A79F00CD7A11 /* chessclock */ = {
			isa = PBXNativeTarget;
			buildConfigurationList = 37758B2014F9A79F00CD7A11 /* Build configuration list for PBXNativeTarget "chessclock" */;
			buildPhases = (
				37758AE614F9A79F00CD7A11 /* Sources */,
				37758AE714F9A79F00CD7A11 /* Frameworks */,
				37758AE814F9A79F00CD7A11 /* Resources */,
			);
			buildRules = (
			);
			dependencies = (
			);
			name = chessclock;
			productName = chesstimer;
			productReference = 37758AEA14F9A79F00CD7A11 /* chessclock.app */;
			productType = "com.apple.product-type.application";
		};
/* End PBXNativeTarget section */

/* Begin PBXProject section */
		37758AE114F9A79F00CD7A11 /* Project object */ = {
			isa = PBXProject;
			attributes = {
				CLASSPREFIX = DM;
				LastUpgradeCheck = 0720;
				TargetAttributes = {
					37758AE914F9A79F00CD7A11 = {
						DevelopmentTeam = 3S798A44L5;
					};
				};
			};
			buildConfigurationList = 37758AE414F9A79F00CD7A11 /* Build configuration list for PBXProject "chessclock" */;
			compatibilityVersion = "Xcode 3.2";
			developmentRegion = English;
			hasScannedForEncodings = 0;
			knownRegions = (
				en,
			);
			mainGroup = 37758ADF14F9A79F00CD7A11;
			productRefGroup = 37758AEB14F9A79F00CD7A11 /* Products */;
			projectDirPath = "";
			projectRoot = "";
			targets = (
				37758AE914F9A79F00CD7A11 /* chessclock */,
			);
		};
/* End PBXProject section */

/* Begin PBXResourcesBuildPhase section */
		37758AE814F9A79F00CD7A11 /* Resources */ = {
			isa = PBXResourcesBuildPhase;
			buildActionMask = 2147483647;
			files = (
				37758AF914F9A79F00CD7A11 /* InfoPlist.strings in Resources */,
				37758B0214F9A79F00CD7A11 /* MainStoryboard.storyboard in Resources */,
				3723525217FC7EED000BF4EC /* Images.xcassets in Resources */,
			);
			runOnlyForDeploymentPostprocessing = 0;
		};
/* End PBXResourcesBuildPhase section */

/* Begin PBXSourcesBuildPhase section */
		37758AE614F9A79F00CD7A11 /* Sources */ = {
			isa = PBXSourcesBuildPhase;
			buildActionMask = 2147483647;
			files = (
				374B33131C290F4E00CF9132 /* DMPausedState.m in Sources */,
				3770046B1C3569AD00BF3F66 /* DMLostState.m in Sources */,
				374B33141C290F4E00CF9132 /* DMWhiteTurnState.m in Sources */,
				37758AFB14F9A79F00CD7A11 /* main.m in Sources */,
				374B330F1C290F4E00CF9132 /* DMNewGameState.m in Sources */,
				37758AFF14F9A79F00CD7A11 /* DMAppDelegate.m in Sources */,
				37758B0814F9A79F00CD7A11 /* GameViewController.m in Sources */,
				37A21AB11C27606E0019A7A2 /* DMState.m in Sources */,
				37AC72031512985B00194BD1 /* DMClock.m in Sources */,
				3790086815334FFE00B61AE8 /* DMSettingsViewController.m in Sources */,
				374B330E1C290F4E00CF9132 /* DMBlackTurnState.m in Sources */,
				37FFF8A61C27B6BE009CF3D6 /* DMStates.h in Sources */,
				37FFF8A81C27B855009CF3D6 /* DMLoadingState.m in Sources */,
				374635081C24940000880DBF /* DMGameView.m in Sources */,
				374B330C1C290F4E00CF9132 /* DMBlackLostState.m in Sources */,
				37AF871F16498D74006E245D /* DMGame.m in Sources */,
				373946F41799879E0050483A /* UIColor+CTRExtensions.m in Sources */,
				377077241C2C7EBE0061768A /* DMConfirmResetState.m in Sources */,
				374B33121C290F4E00CF9132 /* DMWhiteLostState.m in Sources */,
				374B33101C290F4E00CF9132 /* DMSettingsState.m in Sources */,
				377004681C35698300BF3F66 /* DMTurnState.m in Sources */,
			);
			runOnlyForDeploymentPostprocessing = 0;
		};
/* End PBXSourcesBuildPhase section */

/* Begin PBXVariantGroup section */
		37758AF714F9A79F00CD7A11 /* InfoPlist.strings */ = {
			isa = PBXVariantGroup;
			children = (
				37758AF814F9A79F00CD7A11 /* en */,
			);
			name = InfoPlist.strings;
			sourceTree = "<group>";
		};
		37758B0014F9A79F00CD7A11 /* MainStoryboard.storyboard */ = {
			isa = PBXVariantGroup;
			children = (
				37758B0114F9A79F00CD7A11 /* en */,
			);
			name = MainStoryboard.storyboard;
			sourceTree = "<group>";
		};
/* End PBXVariantGroup section */

/* Begin XCBuildConfiguration section */
		37758B1E14F9A79F00CD7A11 /* Debug */ = {
			isa = XCBuildConfiguration;
			buildSettings = {
				ALWAYS_SEARCH_USER_PATHS = NO;
				CLANG_ENABLE_OBJC_ARC = YES;
				CLANG_WARN_BOOL_CONVERSION = YES;
				CLANG_WARN_CONSTANT_CONVERSION = YES;
				CLANG_WARN_EMPTY_BODY = YES;
				CLANG_WARN_ENUM_CONVERSION = YES;
				CLANG_WARN_INT_CONVERSION = YES;
				CLANG_WARN_UNREACHABLE_CODE = YES;
				CLANG_WARN__DUPLICATE_METHOD_MATCH = YES;
				CODE_SIGN_IDENTITY = "iPhone Developer: Dan McGinnis (8HUQ4QZKCM)";
				"CODE_SIGN_IDENTITY[sdk=iphoneos*]" = "iPhone Developer";
				COPY_PHASE_STRIP = NO;
				ENABLE_STRICT_OBJC_MSGSEND = YES;
				ENABLE_TESTABILITY = YES;
				GCC_C_LANGUAGE_STANDARD = gnu99;
				GCC_DYNAMIC_NO_PIC = NO;
				GCC_NO_COMMON_BLOCKS = YES;
				GCC_OPTIMIZATION_LEVEL = 0;
				GCC_PREPROCESSOR_DEFINITIONS = (
					"DEBUG=1",
					"$(inherited)",
				);
				GCC_SYMBOLS_PRIVATE_EXTERN = NO;
				GCC_VERSION = com.apple.compilers.llvm.clang.1_0;
				GCC_WARN_64_TO_32_BIT_CONVERSION = YES;
				GCC_WARN_ABOUT_RETURN_TYPE = YES;
				GCC_WARN_UNDECLARED_SELECTOR = YES;
				GCC_WARN_UNINITIALIZED_AUTOS = YES;
				GCC_WARN_UNUSED_FUNCTION = YES;
				GCC_WARN_UNUSED_VARIABLE = YES;
				IPHONEOS_DEPLOYMENT_TARGET = 9.0;
				ONLY_ACTIVE_ARCH = YES;
				PROVISIONING_PROFILE = "D182AD81-83C9-4667-A5F8-8639B78EB7FC";
				SDKROOT = iphoneos;
				TARGETED_DEVICE_FAMILY = "1,2";
			};
			name = Debug;
		};
		37758B1F14F9A79F00CD7A11 /* Release */ = {
			isa = XCBuildConfiguration;
			buildSettings = {
				ALWAYS_SEARCH_USER_PATHS = NO;
				CLANG_ENABLE_OBJC_ARC = YES;
				CLANG_WARN_BOOL_CONVERSION = YES;
				CLANG_WARN_CONSTANT_CONVERSION = YES;
				CLANG_WARN_EMPTY_BODY = YES;
				CLANG_WARN_ENUM_CONVERSION = YES;
				CLANG_WARN_INT_CONVERSION = YES;
				CLANG_WARN_UNREACHABLE_CODE = YES;
				CLANG_WARN__DUPLICATE_METHOD_MATCH = YES;
				CODE_SIGN_IDENTITY = "iPhone Developer: Dan McGinnis (8HUQ4QZKCM)";
				"CODE_SIGN_IDENTITY[sdk=iphoneos*]" = "iPhone Developer";
				COPY_PHASE_STRIP = YES;
				ENABLE_STRICT_OBJC_MSGSEND = YES;
				GCC_C_LANGUAGE_STANDARD = gnu99;
				GCC_NO_COMMON_BLOCKS = YES;
				GCC_VERSION = com.apple.compilers.llvm.clang.1_0;
				GCC_WARN_64_TO_32_BIT_CONVERSION = YES;
				GCC_WARN_ABOUT_RETURN_TYPE = YES;
				GCC_WARN_UNDECLARED_SELECTOR = YES;
				GCC_WARN_UNINITIALIZED_AUTOS = YES;
				GCC_WARN_UNUSED_FUNCTION = YES;
				GCC_WARN_UNUSED_VARIABLE = YES;
				IPHONEOS_DEPLOYMENT_TARGET = 9.0;
				OTHER_CFLAGS = "-DNS_BLOCK_ASSERTIONS=1";
				PROVISIONING_PROFILE = "D182AD81-83C9-4667-A5F8-8639B78EB7FC";
				SDKROOT = iphoneos;
				TARGETED_DEVICE_FAMILY = "1,2";
				VALIDATE_PRODUCT = YES;
			};
			name = Release;
		};
		37758B2114F9A79F00CD7A11 /* Debug */ = {
			isa = XCBuildConfiguration;
			buildSettings = {
				ASSETCATALOG_COMPILER_APPICON_NAME = AppIcon;
				ASSETCATALOG_COMPILER_LAUNCHIMAGE_NAME = LaunchImage;
				CLANG_ENABLE_MODULES = YES;
				CODE_SIGN_IDENTITY = "iPhone Developer";
				GCC_PRECOMPILE_PREFIX_HEADER = YES;
				GCC_PREFIX_HEADER = "chessclock/chessclock-Prefix.pch";
				INFOPLIST_FILE = "chessclock/chessclock-Info.plist";
				PRODUCT_BUNDLE_IDENTIFIER = "ca.danmcginnis.${PRODUCT_NAME:rfc1034identifier}";
				PRODUCT_NAME = chessclock;
				PROVISIONING_PROFILE = "";
				TARGETED_DEVICE_FAMILY = 1;
				WRAPPER_EXTENSION = app;
			};
			name = Debug;
		};
		37758B2214F9A79F00CD7A11 /* Release */ = {
			isa = XCBuildConfiguration;
			buildSettings = {
				ASSETCATALOG_COMPILER_APPICON_NAME = AppIcon;
				ASSETCATALOG_COMPILER_LAUNCHIMAGE_NAME = LaunchImage;
				CLANG_ENABLE_MODULES = YES;
				CODE_SIGN_IDENTITY = "iPhone Developer";
				"CODE_SIGN_IDENTITY[sdk=iphoneos*]" = "iPhone Distribution";
				GCC_PRECOMPILE_PREFIX_HEADER = YES;
				GCC_PREFIX_HEADER = "chessclock/chessclock-Prefix.pch";
				INFOPLIST_FILE = "chessclock/chessclock-Info.plist";
				PRODUCT_BUNDLE_IDENTIFIER = "ca.danmcginnis.${PRODUCT_NAME:rfc1034identifier}";
				PRODUCT_NAME = chessclock;
				PROVISIONING_PROFILE = "";
				"PROVISIONING_PROFILE[sdk=iphoneos*]" = "";
				TARGETED_DEVICE_FAMILY = 1;
				WRAPPER_EXTENSION = app;
			};
			name = Release;
		};
/* End XCBuildConfiguration section */

/* Begin XCConfigurationList section */
		37758AE414F9A79F00CD7A11 /* Build configuration list for PBXProject "chessclock" */ = {
			isa = XCConfigurationList;
			buildConfigurations = (
				37758B1E14F9A79F00CD7A11 /* Debug */,
				37758B1F14F9A79F00CD7A11 /* Release */,
			);
			defaultConfigurationIsVisible = 0;
			defaultConfigurationName = Release;
		};
		37758B2014F9A79F00CD7A11 /* Build configuration list for PBXNativeTarget "chessclock" */ = {
			isa = XCConfigurationList;
			buildConfigurations = (
				37758B2114F9A79F00CD7A11 /* Debug */,
				37758B2214F9A79F00CD7A11 /* Release */,
			);
			defaultConfigurationIsVisible = 0;
			defaultConfigurationName = Release;
		};
/* End XCConfigurationList section */
	};
	rootObject = 37758AE114F9A79F00CD7A11 /* Project object */;
}
